<?xml version="1.0" encoding="utf-8"?>
<Project ToolsVersion="4.0" xmlns="http://schemas.microsoft.com/developer/msbuild/2003">
  <ItemGroup>
    <Filter Include="zlib">
      <UniqueIdentifier>{5a185f24-a97d-4fe7-9b6a-918ccbe7e6f6}</UniqueIdentifier>
    </Filter>
    <Filter Include="png">
      <UniqueIdentifier>{d0de3770-ce47-47d6-a62f-fd5edd837687}</UniqueIdentifier>
    </Filter>
    <Filter Include="irrxml">
      <UniqueIdentifier>{91881da6-9a81-47b5-9cf6-cdc2329094b2}</UniqueIdentifier>
    </Filter>
  </ItemGroup>
  <ItemGroup>
    <ClCompile Include="external\zlib\adler32.c">
      <Filter>zlib</Filter>
    </ClCompile>
    <ClCompile Include="external\zlib\compress.c">
      <Filter>zlib</Filter>
    </ClCompile>
    <ClCompile Include="external\zlib\crc32.c">
      <Filter>zlib</Filter>
    </ClCompile>
    <ClCompile Include="external\zlib\deflate.c">
      <Filter>zlib</Filter>
    </ClCompile>
    <ClCompile Include="external\zlib\gzclose.c">
      <Filter>zlib</Filter>
    </ClCompile>
    <ClCompile Include="external\zlib\gzlib.c">
      <Filter>zlib</Filter>
    </ClCompile>
    <ClCompile Include="external\zlib\gzread.c">
      <Filter>zlib</Filter>
    </ClCompile>
    <ClCompile Include="external\zlib\gzwrite.c">
      <Filter>zlib</Filter>
    </ClCompile>
    <ClCompile Include="external\zlib\infback.c">
      <Filter>zlib</Filter>
    </ClCompile>
    <ClCompile Include="external\zlib\inffast.c">
      <Filter>zlib</Filter>
    </ClCompile>
    <ClCompile Include="external\zlib\inflate.c">
      <Filter>zlib</Filter>
    </ClCompile>
    <ClCompile Include="external\zlib\inftrees.c">
      <Filter>zlib</Filter>
    </ClCompile>
    <ClCompile Include="external\zlib\trees.c">
      <Filter>zlib</Filter>
    </ClCompile>
    <ClCompile Include="external\zlib\uncompr.c">
      <Filter>zlib</Filter>
    </ClCompile>
    <ClCompile Include="external\zlib\zutil.c">
      <Filter>zlib</Filter>
    </ClCompile>
    <ClCompile Include="external\png\png.c">
      <Filter>png</Filter>
    </ClCompile>
    <ClCompile Include="external\png\pngerror.c">
      <Filter>png</Filter>
    </ClCompile>
    <ClCompile Include="external\png\pnggccrd.c">
      <Filter>png</Filter>
    </ClCompile>
    <ClCompile Include="external\png\pngget.c">
      <Filter>png</Filter>
    </ClCompile>
    <ClCompile Include="external\png\pngmem.c">
      <Filter>png</Filter>
    </ClCompile>
    <ClCompile Include="external\png\pngpread.c">
      <Filter>png</Filter>
    </ClCompile>
    <ClCompile Include="external\png\pngread.c">
      <Filter>png</Filter>
    </ClCompile>
    <ClCompile Include="external\png\pngrio.c">
      <Filter>png</Filter>
    </ClCompile>
    <ClCompile Include="external\png\pngrtran.c">
      <Filter>png</Filter>
    </ClCompile>
    <ClCompile Include="external\png\pngrutil.c">
      <Filter>png</Filter>
    </ClCompile>
    <ClCompile Include="external\png\pngset.c">
      <Filter>png</Filter>
    </ClCompile>
    <ClCompile Include="external\png\pngtrans.c">
      <Filter>png</Filter>
    </ClCompile>
    <ClCompile Include="external\png\pngvcrd.c">
      <Filter>png</Filter>
    </ClCompile>
    <ClCompile Include="external\png\pngwio.c">
      <Filter>png</Filter>
    </ClCompile>
    <ClCompile Include="external\png\pngwrite.c">
      <Filter>png</Filter>
    </ClCompile>
    <ClCompile Include="external\png\pngwtran.c">
      <Filter>png</Filter>
    </ClCompile>
    <ClCompile Include="external\png\pngwutil.c">
      <Filter>png</Filter>
    </ClCompile>
    <ClCompile Include="external\irrxml\src\irrXML.cpp">
      <Filter>irrxml</Filter>
    </ClCompile>
  </ItemGroup>
  <ItemGroup>
    <ClInclude Include="external\zlib\crc32.h">
      <Filter>zlib</Filter>
    </ClInclude>
    <ClInclude Include="external\zlib\deflate.h">
      <Filter>zlib</Filter>
    </ClInclude>
    <ClInclude Include="external\zlib\gzguts.h">
      <Filter>zlib</Filter>
    </ClInclude>
    <ClInclude Include="external\zlib\inffast.h">
      <Filter>zlib</Filter>
    </ClInclude>
    <ClInclude Include="external\zlib\inffixed.h">
      <Filter>zlib</Filter>
    </ClInclude>
    <ClInclude Include="external\zlib\inflate.h">
      <Filter>zlib</Filter>
    </ClInclude>
    <ClInclude Include="external\zlib\inftrees.h">
      <Filter>zlib</Filter>
    </ClInclude>
    <ClInclude Include="external\zlib\trees.h">
      <Filter>zlib</Filter>
    </ClInclude>
    <ClInclude Include="external\zlib\zconf.h">
      <Filter>zlib</Filter>
    </ClInclude>
    <ClInclude Include="external\zlib\zlib.h">
      <Filter>zlib</Filter>
    </ClInclude>
    <ClInclude Include="external\zlib\zutil.h">
      <Filter>zlib</Filter>
    </ClInclude>
    <ClInclude Include="external\png\png.h">
      <Filter>png</Filter>
    </ClInclude>
    <ClInclude Include="external\png\pngconf.h">
      <Filter>png</Filter>
    </ClInclude>
    <ClInclude Include="external\irrxml\src\CXMLReaderImpl.h">
      <Filter>irrxml</Filter>
    </ClInclude>
    <ClInclude Include="external\irrxml\src\fast_atof.h">
      <Filter>irrxml</Filter>
    </ClInclude>
    <ClInclude Include="external\irrxml\src\heapsort.h">
      <Filter>irrxml</Filter>
    </ClInclude>
    <ClInclude Include="external\irrxml\src\irrArray.h">
      <Filter>irrxml</Filter>
    </ClInclude>
    <ClInclude Include="external\irrxml\src\irrString.h">
      <Filter>irrxml</Filter>
    </ClInclude>
    <ClInclude Include="external\irrxml\src\irrTypes.h">
      <Filter>irrxml</Filter>
    </ClInclude>
    <ClInclude Include="external\irrxml\src\irrXML.h">
      <Filter>irrxml</Filter>
    </ClInclude>
  </ItemGroup>
</Project>