
Microsoft Visual Studio Solution File, Format Version 12.00
# Visual Studio Version 16
VisualStudioVersion = 16.0.29609.76
MinimumVisualStudioVersion = 10.0.40219.1
Project("{FAE04EC0-301F-11D3-BF4B-00C04F79EFBC}") = "BuildTool", "BuildTool.csproj", "{5CE94BAA-2893-4E64-A5E3-47D8A29BBF88}"
EndProject
Global
	GlobalSection(SolutionConfigurationPlatforms) = preSolution
		Debug|Any CPU = Debug|Any CPU
		Release|Any CPU = Release|Any CPU
	EndGlobalSection
	GlobalSection(ProjectConfigurationPlatforms) = postSolution
		{5CE94BAA-2893-4E64-A5E3-47D8A29BBF88}.Debug|Any CPU.ActiveCfg = Debug|Any CPU
		{5CE94BAA-2893-4E64-A5E3-47D8A29BBF88}.Debug|Any CPU.Build.0 = Debug|Any CPU
		{5CE94BAA-2893-4E64-A5E3-47D8A29BBF88}.Release|Any CPU.ActiveCfg = Release|Any CPU
		{5CE94BAA-2893-4E64-A5E3-47D8A29BBF88}.Release|Any CPU.Build.0 = Release|Any CPU
	EndGlobalSection
	GlobalSection(SolutionProperties) = preSolution
		HideSolutionNode = FALSE
	EndGlobalSection
	GlobalSection(ExtensibilityGlobals) = postSolution
		SolutionGuid = {8F9180D7-7DBD-4176-967C-BB1CBDB13A5C}
	EndGlobalSection
EndGlobal
